// !$*UTF8*$!
{
	archiveVersion = 1;
	classes = {
	};
	objectVersion = 50;
	objects = {

/* Begin PBXBuildFile section */
		65F281B5D283B1029B9B16D2 /* Pods_swiftagramUITests.framework in Frameworks */ = {isa = PBXBuildFile; fileRef = 0CDE3606FE2DDC0B20DC5DB1 /* Pods_swiftagramUITests.framework */; };
		74406721D53C172ED7F99B5D /* Pods_swiftagram.framework in Frameworks */ = {isa = PBXBuildFile; fileRef = 0BCF88CF28E0C278B5C8FB3C /* Pods_swiftagram.framework */; };
		881008752160E4D300A37504 /* photoPickerViewController.swift in Sources */ = {isa = PBXBuildFile; fileRef = 881008742160E4D300A37504 /* photoPickerViewController.swift */; };
		8826C0852157A47900DB6DDD /* PostViewController.swift in Sources */ = {isa = PBXBuildFile; fileRef = 8826C0842157A47900DB6DDD /* PostViewController.swift */; };
		8851489121576EBB00C6FBAA /* AppDelegate.swift in Sources */ = {isa = PBXBuildFile; fileRef = 8851489021576EBB00C6FBAA /* AppDelegate.swift */; };
		8851489321576EBB00C6FBAA /* ViewController.swift in Sources */ = {isa = PBXBuildFile; fileRef = 8851489221576EBB00C6FBAA /* ViewController.swift */; };
		8851489621576EBB00C6FBAA /* Main.storyboard in Resources */ = {isa = PBXBuildFile; fileRef = 8851489421576EBB00C6FBAA /* Main.storyboard */; };
		8851489821576EBC00C6FBAA /* Assets.xcassets in Resources */ = {isa = PBXBuildFile; fileRef = 8851489721576EBC00C6FBAA /* Assets.xcassets */; };
		8851489B21576EBC00C6FBAA /* LaunchScreen.storyboard in Resources */ = {isa = PBXBuildFile; fileRef = 8851489921576EBC00C6FBAA /* LaunchScreen.storyboard */; };
		885148A621576EBC00C6FBAA /* swiftagramTests.swift in Sources */ = {isa = PBXBuildFile; fileRef = 885148A521576EBC00C6FBAA /* swiftagramTests.swift */; };
		885148B121576EBC00C6FBAA /* swiftagramUITests.swift in Sources */ = {isa = PBXBuildFile; fileRef = 885148B021576EBC00C6FBAA /* swiftagramUITests.swift */; };
		885148BF2157706E00C6FBAA /* GoogleService-Info.plist in Resources */ = {isa = PBXBuildFile; fileRef = 885148BE2157706D00C6FBAA /* GoogleService-Info.plist */; };
		889BA8DA215786460004848F /* registerViewController.swift in Sources */ = {isa = PBXBuildFile; fileRef = 889BA8D9215786460004848F /* registerViewController.swift */; };
		CA7FE2C08AC33B4444978858 /* Pods_swiftagramTests.framework in Frameworks */ = {isa = PBXBuildFile; fileRef = 4BD378C7AD9F459874A2D936 /* Pods_swiftagramTests.framework */; };
/* End PBXBuildFile section */

/* Begin PBXContainerItemProxy section */
		885148A221576EBC00C6FBAA /* PBXContainerItemProxy */ = {
			isa = PBXContainerItemProxy;
			containerPortal = 8851488521576EBB00C6FBAA /* Project object */;
			proxyType = 1;
			remoteGlobalIDString = 8851488C21576EBB00C6FBAA;
			remoteInfo = swiftagram;
		};
		885148AD21576EBC00C6FBAA /* PBXContainerItemProxy */ = {
			isa = PBXContainerItemProxy;
			containerPortal = 8851488521576EBB00C6FBAA /* Project object */;
			proxyType = 1;
			remoteGlobalIDString = 8851488C21576EBB00C6FBAA;
			remoteInfo = swiftagram;
		};
/* End PBXContainerItemProxy section */

/* Begin PBXFileReference section */
		0BCF88CF28E0C278B5C8FB3C /* Pods_swiftagram.framework */ = {isa = PBXFileReference; explicitFileType = wrapper.framework; includeInIndex = 0; path = Pods_swiftagram.framework; sourceTree = BUILT_PRODUCTS_DIR; };
		0CDE3606FE2DDC0B20DC5DB1 /* Pods_swiftagramUITests.framework */ = {isa = PBXFileReference; explicitFileType = wrapper.framework; includeInIndex = 0; path = Pods_swiftagramUITests.framework; sourceTree = BUILT_PRODUCTS_DIR; };
		466A35186131C4AEE247E299 /* Pods-swiftagramUITests.release.xcconfig */ = {isa = PBXFileReference; includeInIndex = 1; lastKnownFileType = text.xcconfig; name = "Pods-swiftagramUITests.release.xcconfig"; path = "Pods/Target Support Files/Pods-swiftagramUITests/Pods-swiftagramUITests.release.xcconfig"; sourceTree = "<group>"; };
		4BD378C7AD9F459874A2D936 /* Pods_swiftagramTests.framework */ = {isa = PBXFileReference; explicitFileType = wrapper.framework; includeInIndex = 0; path = Pods_swiftagramTests.framework; sourceTree = BUILT_PRODUCTS_DIR; };
		6C5BC666C1E859D3369FFC6B /* Pods-swiftagramUITests.debug.xcconfig */ = {isa = PBXFileReference; includeInIndex = 1; lastKnownFileType = text.xcconfig; name = "Pods-swiftagramUITests.debug.xcconfig"; path = "Pods/Target Support Files/Pods-swiftagramUITests/Pods-swiftagramUITests.debug.xcconfig"; sourceTree = "<group>"; };
		881008742160E4D300A37504 /* photoPickerViewController.swift */ = {isa = PBXFileReference; lastKnownFileType = sourcecode.swift; name = photoPickerViewController.swift; path = /Users/tianhangzhang/Desktop/swiftagram/swiftagram/photoPickerViewController.swift; sourceTree = "<absolute>"; };
		8826C0842157A47900DB6DDD /* PostViewController.swift */ = {isa = PBXFileReference; lastKnownFileType = sourcecode.swift; path = PostViewController.swift; sourceTree = "<group>"; };
		8851488D21576EBB00C6FBAA /* swiftagram.app */ = {isa = PBXFileReference; explicitFileType = wrapper.application; includeInIndex = 0; path = swiftagram.app; sourceTree = BUILT_PRODUCTS_DIR; };
		8851489021576EBB00C6FBAA /* AppDelegate.swift */ = {isa = PBXFileReference; lastKnownFileType = sourcecode.swift; path = AppDelegate.swift; sourceTree = "<group>"; };
		8851489221576EBB00C6FBAA /* ViewController.swift */ = {isa = PBXFileReference; lastKnownFileType = sourcecode.swift; path = ViewController.swift; sourceTree = "<group>"; };
		8851489521576EBB00C6FBAA /* Base */ = {isa = PBXFileReference; lastKnownFileType = file.storyboard; name = Base; path = Base.lproj/Main.storyboard; sourceTree = "<group>"; };
		8851489721576EBC00C6FBAA /* Assets.xcassets */ = {isa = PBXFileReference; lastKnownFileType = folder.assetcatalog; path = Assets.xcassets; sourceTree = "<group>"; };
		8851489A21576EBC00C6FBAA /* Base */ = {isa = PBXFileReference; lastKnownFileType = file.storyboard; name = Base; path = Base.lproj/LaunchScreen.storyboard; sourceTree = "<group>"; };
		8851489C21576EBC00C6FBAA /* Info.plist */ = {isa = PBXFileReference; lastKnownFileType = text.plist.xml; path = Info.plist; sourceTree = "<group>"; };
		885148A121576EBC00C6FBAA /* swiftagramTests.xctest */ = {isa = PBXFileReference; explicitFileType = wrapper.cfbundle; includeInIndex = 0; path = swiftagramTests.xctest; sourceTree = BUILT_PRODUCTS_DIR; };
		885148A521576EBC00C6FBAA /* swiftagramTests.swift */ = {isa = PBXFileReference; lastKnownFileType = sourcecode.swift; path = swiftagramTests.swift; sourceTree = "<group>"; };
		885148A721576EBC00C6FBAA /* Info.plist */ = {isa = PBXFileReference; lastKnownFileType = text.plist.xml; path = Info.plist; sourceTree = "<group>"; };
		885148AC21576EBC00C6FBAA /* swiftagramUITests.xctest */ = {isa = PBXFileReference; explicitFileType = wrapper.cfbundle; includeInIndex = 0; path = swiftagramUITests.xctest; sourceTree = BUILT_PRODUCTS_DIR; };
		885148B021576EBC00C6FBAA /* swiftagramUITests.swift */ = {isa = PBXFileReference; lastKnownFileType = sourcecode.swift; path = swiftagramUITests.swift; sourceTree = "<group>"; };
		885148B221576EBC00C6FBAA /* Info.plist */ = {isa = PBXFileReference; lastKnownFileType = text.plist.xml; path = Info.plist; sourceTree = "<group>"; };
		885148BE2157706D00C6FBAA /* GoogleService-Info.plist */ = {isa = PBXFileReference; fileEncoding = 4; lastKnownFileType = text.plist.xml; path = "GoogleService-Info.plist"; sourceTree = "<group>"; };
		889BA8D9215786460004848F /* registerViewController.swift */ = {isa = PBXFileReference; lastKnownFileType = sourcecode.swift; path = registerViewController.swift; sourceTree = "<group>"; };
		D560448DD149D060D6217429 /* Pods-swiftagramTests.debug.xcconfig */ = {isa = PBXFileReference; includeInIndex = 1; lastKnownFileType = text.xcconfig; name = "Pods-swiftagramTests.debug.xcconfig"; path = "Pods/Target Support Files/Pods-swiftagramTests/Pods-swiftagramTests.debug.xcconfig"; sourceTree = "<group>"; };
		DE2F79158857C8FF89E7AFC1 /* Pods-swiftagramTests.release.xcconfig */ = {isa = PBXFileReference; includeInIndex = 1; lastKnownFileType = text.xcconfig; name = "Pods-swiftagramTests.release.xcconfig"; path = "Pods/Target Support Files/Pods-swiftagramTests/Pods-swiftagramTests.release.xcconfig"; sourceTree = "<group>"; };
		DE6A46762A2EEF65F464668D /* Pods-swiftagram.debug.xcconfig */ = {isa = PBXFileReference; includeInIndex = 1; lastKnownFileType = text.xcconfig; name = "Pods-swiftagram.debug.xcconfig"; path = "Pods/Target Support Files/Pods-swiftagram/Pods-swiftagram.debug.xcconfig"; sourceTree = "<group>"; };
		F567F70FFDFFB26813959152 /* Pods-swiftagram.release.xcconfig */ = {isa = PBXFileReference; includeInIndex = 1; lastKnownFileType = text.xcconfig; name = "Pods-swiftagram.release.xcconfig"; path = "Pods/Target Support Files/Pods-swiftagram/Pods-swiftagram.release.xcconfig"; sourceTree = "<group>"; };
/* End PBXFileReference section */

/* Begin PBXFrameworksBuildPhase section */
		8851488A21576EBB00C6FBAA /* Frameworks */ = {
			isa = PBXFrameworksBuildPhase;
			buildActionMask = 2147483647;
			files = (
				74406721D53C172ED7F99B5D /* Pods_swiftagram.framework in Frameworks */,
			);
			runOnlyForDeploymentPostprocessing = 0;
		};
		8851489E21576EBC00C6FBAA /* Frameworks */ = {
			isa = PBXFrameworksBuildPhase;
			buildActionMask = 2147483647;
			files = (
				CA7FE2C08AC33B4444978858 /* Pods_swiftagramTests.framework in Frameworks */,
			);
			runOnlyForDeploymentPostprocessing = 0;
		};
		885148A921576EBC00C6FBAA /* Frameworks */ = {
			isa = PBXFrameworksBuildPhase;
			buildActionMask = 2147483647;
			files = (
				65F281B5D283B1029B9B16D2 /* Pods_swiftagramUITests.framework in Frameworks */,
			);
			runOnlyForDeploymentPostprocessing = 0;
		};
/* End PBXFrameworksBuildPhase section */

/* Begin PBXGroup section */
		4C6DC55F3DC8576DA42F91E4 /* Pods */ = {
			isa = PBXGroup;
			children = (
				DE6A46762A2EEF65F464668D /* Pods-swiftagram.debug.xcconfig */,
				F567F70FFDFFB26813959152 /* Pods-swiftagram.release.xcconfig */,
				D560448DD149D060D6217429 /* Pods-swiftagramTests.debug.xcconfig */,
				DE2F79158857C8FF89E7AFC1 /* Pods-swiftagramTests.release.xcconfig */,
				6C5BC666C1E859D3369FFC6B /* Pods-swiftagramUITests.debug.xcconfig */,
				466A35186131C4AEE247E299 /* Pods-swiftagramUITests.release.xcconfig */,
			);
			name = Pods;
			sourceTree = "<group>";
		};
		8851488421576EBB00C6FBAA = {
			isa = PBXGroup;
			children = (
				8851488F21576EBB00C6FBAA /* swiftagram */,
				885148A421576EBC00C6FBAA /* swiftagramTests */,
				885148AF21576EBC00C6FBAA /* swiftagramUITests */,
				8851488E21576EBB00C6FBAA /* Products */,
				4C6DC55F3DC8576DA42F91E4 /* Pods */,
				DF41284C026F181E7C2F2AF0 /* Frameworks */,
			);
			sourceTree = "<group>";
		};
		8851488E21576EBB00C6FBAA /* Products */ = {
			isa = PBXGroup;
			children = (
				8851488D21576EBB00C6FBAA /* swiftagram.app */,
				885148A121576EBC00C6FBAA /* swiftagramTests.xctest */,
				885148AC21576EBC00C6FBAA /* swiftagramUITests.xctest */,
			);
			name = Products;
			sourceTree = "<group>";
		};
		8851488F21576EBB00C6FBAA /* swiftagram */ = {
			isa = PBXGroup;
			children = (
				8851489021576EBB00C6FBAA /* AppDelegate.swift */,
				8851489221576EBB00C6FBAA /* ViewController.swift */,
				8851489421576EBB00C6FBAA /* Main.storyboard */,
				881008742160E4D300A37504 /* photoPickerViewController.swift */,
				8826C0842157A47900DB6DDD /* PostViewController.swift */,
				889BA8D9215786460004848F /* registerViewController.swift */,
				8851489721576EBC00C6FBAA /* Assets.xcassets */,
				8851489921576EBC00C6FBAA /* LaunchScreen.storyboard */,
				8851489C21576EBC00C6FBAA /* Info.plist */,
				885148BE2157706D00C6FBAA /* GoogleService-Info.plist */,
			);
			path = swiftagram;
			sourceTree = "<group>";
		};
		885148A421576EBC00C6FBAA /* swiftagramTests */ = {
			isa = PBXGroup;
			children = (
				885148A521576EBC00C6FBAA /* swiftagramTests.swift */,
				885148A721576EBC00C6FBAA /* Info.plist */,
			);
			path = swiftagramTests;
			sourceTree = "<group>";
		};
		885148AF21576EBC00C6FBAA /* swiftagramUITests */ = {
			isa = PBXGroup;
			children = (
				885148B021576EBC00C6FBAA /* swiftagramUITests.swift */,
				885148B221576EBC00C6FBAA /* Info.plist */,
			);
			path = swiftagramUITests;
			sourceTree = "<group>";
		};
		DF41284C026F181E7C2F2AF0 /* Frameworks */ = {
			isa = PBXGroup;
			children = (
				0BCF88CF28E0C278B5C8FB3C /* Pods_swiftagram.framework */,
				4BD378C7AD9F459874A2D936 /* Pods_swiftagramTests.framework */,
				0CDE3606FE2DDC0B20DC5DB1 /* Pods_swiftagramUITests.framework */,
			);
			name = Frameworks;
			sourceTree = "<group>";
		};
/* End PBXGroup section */

/* Begin PBXNativeTarget section */
		8851488C21576EBB00C6FBAA /* swiftagram */ = {
			isa = PBXNativeTarget;
			buildConfigurationList = 885148B521576EBC00C6FBAA /* Build configuration list for PBXNativeTarget "swiftagram" */;
			buildPhases = (
				FFF837C9E2067F2D17664367 /* [CP] Check Pods Manifest.lock */,
				8851488921576EBB00C6FBAA /* Sources */,
				8851488A21576EBB00C6FBAA /* Frameworks */,
				8851488B21576EBB00C6FBAA /* Resources */,
				5F9955772D02A0603173B0B2 /* [CP] Embed Pods Frameworks */,
			);
			buildRules = (
			);
			dependencies = (
			);
			name = swiftagram;
			productName = swiftagram;
			productReference = 8851488D21576EBB00C6FBAA /* swiftagram.app */;
			productType = "com.apple.product-type.application";
		};
		885148A021576EBC00C6FBAA /* swiftagramTests */ = {
			isa = PBXNativeTarget;
			buildConfigurationList = 885148B821576EBC00C6FBAA /* Build configuration list for PBXNativeTarget "swiftagramTests" */;
			buildPhases = (
				4027AFD8F95475C0039F8829 /* [CP] Check Pods Manifest.lock */,
				8851489D21576EBC00C6FBAA /* Sources */,
				8851489E21576EBC00C6FBAA /* Frameworks */,
				8851489F21576EBC00C6FBAA /* Resources */,
			);
			buildRules = (
			);
			dependencies = (
				885148A321576EBC00C6FBAA /* PBXTargetDependency */,
			);
			name = swiftagramTests;
			productName = swiftagramTests;
			productReference = 885148A121576EBC00C6FBAA /* swiftagramTests.xctest */;
			productType = "com.apple.product-type.bundle.unit-test";
		};
		885148AB21576EBC00C6FBAA /* swiftagramUITests */ = {
			isa = PBXNativeTarget;
			buildConfigurationList = 885148BB21576EBC00C6FBAA /* Build configuration list for PBXNativeTarget "swiftagramUITests" */;
			buildPhases = (
				3FB45E7A5EFAFAD22BB59FEE /* [CP] Check Pods Manifest.lock */,
				885148A821576EBC00C6FBAA /* Sources */,
				885148A921576EBC00C6FBAA /* Frameworks */,
				885148AA21576EBC00C6FBAA /* Resources */,
			);
			buildRules = (
			);
			dependencies = (
				885148AE21576EBC00C6FBAA /* PBXTargetDependency */,
			);
			name = swiftagramUITests;
			productName = swiftagramUITests;
			productReference = 885148AC21576EBC00C6FBAA /* swiftagramUITests.xctest */;
			productType = "com.apple.product-type.bundle.ui-testing";
		};
/* End PBXNativeTarget section */

/* Begin PBXProject section */
		8851488521576EBB00C6FBAA /* Project object */ = {
			isa = PBXProject;
			attributes = {
				LastSwiftUpdateCheck = 0940;
				LastUpgradeCheck = 0940;
				ORGANIZATIONNAME = "Tianhang ZHANG";
				TargetAttributes = {
					8851488C21576EBB00C6FBAA = {
						CreatedOnToolsVersion = 9.4.1;
					};
					885148A021576EBC00C6FBAA = {
						CreatedOnToolsVersion = 9.4.1;
						TestTargetID = 8851488C21576EBB00C6FBAA;
					};
					885148AB21576EBC00C6FBAA = {
						CreatedOnToolsVersion = 9.4.1;
						TestTargetID = 8851488C21576EBB00C6FBAA;
					};
				};
			};
			buildConfigurationList = 8851488821576EBB00C6FBAA /* Build configuration list for PBXProject "swiftagram" */;
			compatibilityVersion = "Xcode 9.3";
			developmentRegion = en;
			hasScannedForEncodings = 0;
			knownRegions = (
				en,
				Base,
			);
			mainGroup = 8851488421576EBB00C6FBAA;
			productRefGroup = 8851488E21576EBB00C6FBAA /* Products */;
			projectDirPath = "";
			projectRoot = "";
			targets = (
				8851488C21576EBB00C6FBAA /* swiftagram */,
				885148A021576EBC00C6FBAA /* swiftagramTests */,
				885148AB21576EBC00C6FBAA /* swiftagramUITests */,
			);
		};
/* End PBXProject section */

/* Begin PBXResourcesBuildPhase section */
		8851488B21576EBB00C6FBAA /* Resources */ = {
			isa = PBXResourcesBuildPhase;
			buildActionMask = 2147483647;
			files = (
				8851489B21576EBC00C6FBAA /* LaunchScreen.storyboard in Resources */,
				885148BF2157706E00C6FBAA /* GoogleService-Info.plist in Resources */,
				8851489821576EBC00C6FBAA /* Assets.xcassets in Resources */,
				8851489621576EBB00C6FBAA /* Main.storyboard in Resources */,
			);
			runOnlyForDeploymentPostprocessing = 0;
		};
		8851489F21576EBC00C6FBAA /* Resources */ = {
			isa = PBXResourcesBuildPhase;
			buildActionMask = 2147483647;
			files = (
			);
			runOnlyForDeploymentPostprocessing = 0;
		};
		885148AA21576EBC00C6FBAA /* Resources */ = {
			isa = PBXResourcesBuildPhase;
			buildActionMask = 2147483647;
			files = (
			);
			runOnlyForDeploymentPostprocessing = 0;
		};
/* End PBXResourcesBuildPhase section */

/* Begin PBXShellScriptBuildPhase section */
		3FB45E7A5EFAFAD22BB59FEE /* [CP] Check Pods Manifest.lock */ = {
			isa = PBXShellScriptBuildPhase;
			buildActionMask = 2147483647;
			files = (
			);
			inputPaths = (
				"${PODS_PODFILE_DIR_PATH}/Podfile.lock",
				"${PODS_ROOT}/Manifest.lock",
			);
			name = "[CP] Check Pods Manifest.lock";
			outputPaths = (
				"$(DERIVED_FILE_DIR)/Pods-swiftagramUITests-checkManifestLockResult.txt",
			);
			runOnlyForDeploymentPostprocessing = 0;
			shellPath = /bin/sh;
			shellScript = "diff \"${PODS_PODFILE_DIR_PATH}/Podfile.lock\" \"${PODS_ROOT}/Manifest.lock\" > /dev/null\nif [ $? != 0 ] ; then\n    # print error to STDERR\n    echo \"error: The sandbox is not in sync with the Podfile.lock. Run 'pod install' or update your CocoaPods installation.\" >&2\n    exit 1\nfi\n# This output is used by Xcode 'outputs' to avoid re-running this script phase.\necho \"SUCCESS\" > \"${SCRIPT_OUTPUT_FILE_0}\"\n";
			showEnvVarsInLog = 0;
		};
		4027AFD8F95475C0039F8829 /* [CP] Check Pods Manifest.lock */ = {
			isa = PBXShellScriptBuildPhase;
			buildActionMask = 2147483647;
			files = (
			);
			inputPaths = (
				"${PODS_PODFILE_DIR_PATH}/Podfile.lock",
				"${PODS_ROOT}/Manifest.lock",
			);
			name = "[CP] Check Pods Manifest.lock";
			outputPaths = (
				"$(DERIVED_FILE_DIR)/Pods-swiftagramTests-checkManifestLockResult.txt",
			);
			runOnlyForDeploymentPostprocessing = 0;
			shellPath = /bin/sh;
			shellScript = "diff \"${PODS_PODFILE_DIR_PATH}/Podfile.lock\" \"${PODS_ROOT}/Manifest.lock\" > /dev/null\nif [ $? != 0 ] ; then\n    # print error to STDERR\n    echo \"error: The sandbox is not in sync with the Podfile.lock. Run 'pod install' or update your CocoaPods installation.\" >&2\n    exit 1\nfi\n# This output is used by Xcode 'outputs' to avoid re-running this script phase.\necho \"SUCCESS\" > \"${SCRIPT_OUTPUT_FILE_0}\"\n";
			showEnvVarsInLog = 0;
		};
		5F9955772D02A0603173B0B2 /* [CP] Embed Pods Frameworks */ = {
			isa = PBXShellScriptBuildPhase;
			buildActionMask = 2147483647;
			files = (
			);
			inputPaths = (
				"${SRCROOT}/Pods/Target Support Files/Pods-swiftagram/Pods-swiftagram-frameworks.sh",
				"${BUILT_PRODUCTS_DIR}/GTMSessionFetcher/GTMSessionFetcher.framework",
				"${BUILT_PRODUCTS_DIR}/GoogleUtilities/GoogleUtilities.framework",
				"${BUILT_PRODUCTS_DIR}/leveldb-library/leveldb.framework",
				"${BUILT_PRODUCTS_DIR}/nanopb/nanopb.framework",
			);
			name = "[CP] Embed Pods Frameworks";
			outputPaths = (
				"${TARGET_BUILD_DIR}/${FRAMEWORKS_FOLDER_PATH}/GTMSessionFetcher.framework",
				"${TARGET_BUILD_DIR}/${FRAMEWORKS_FOLDER_PATH}/GoogleUtilities.framework",
				"${TARGET_BUILD_DIR}/${FRAMEWORKS_FOLDER_PATH}/leveldb.framework",
				"${TARGET_BUILD_DIR}/${FRAMEWORKS_FOLDER_PATH}/nanopb.framework",
			);
			runOnlyForDeploymentPostprocessing = 0;
			shellPath = /bin/sh;
			shellScript = "\"${SRCROOT}/Pods/Target Support Files/Pods-swiftagram/Pods-swiftagram-frameworks.sh\"\n";
			showEnvVarsInLog = 0;
		};
		FFF837C9E2067F2D17664367 /* [CP] Check Pods Manifest.lock */ = {
			isa = PBXShellScriptBuildPhase;
			buildActionMask = 2147483647;
			files = (
			);
			inputPaths = (
				"${PODS_PODFILE_DIR_PATH}/Podfile.lock",
				"${PODS_ROOT}/Manifest.lock",
			);
			name = "[CP] Check Pods Manifest.lock";
			outputPaths = (
				"$(DERIVED_FILE_DIR)/Pods-swiftagram-checkManifestLockResult.txt",
			);
			runOnlyForDeploymentPostprocessing = 0;
			shellPath = /bin/sh;
			shellScript = "diff \"${PODS_PODFILE_DIR_PATH}/Podfile.lock\" \"${PODS_ROOT}/Manifest.lock\" > /dev/null\nif [ $? != 0 ] ; then\n    # print error to STDERR\n    echo \"error: The sandbox is not in sync with the Podfile.lock. Run 'pod install' or update your CocoaPods installation.\" >&2\n    exit 1\nfi\n# This output is used by Xcode 'outputs' to avoid re-running this script phase.\necho \"SUCCESS\" > \"${SCRIPT_OUTPUT_FILE_0}\"\n";
			showEnvVarsInLog = 0;
		};
/* End PBXShellScriptBuildPhase section */

/* Begin PBXSourcesBuildPhase section */
		8851488921576EBB00C6FBAA /* Sources */ = {
			isa = PBXSourcesBuildPhase;
			buildActionMask = 2147483647;
			files = (
				8826C0852157A47900DB6DDD /* PostViewController.swift in Sources */,
				889BA8DA215786460004848F /* registerViewController.swift in Sources */,
				881008752160E4D300A37504 /* photoPickerViewController.swift in Sources */,
				8851489321576EBB00C6FBAA /* ViewController.swift in Sources */,
				8851489121576EBB00C6FBAA /* AppDelegate.swift in Sources */,
			);
			runOnlyForDeploymentPostprocessing = 0;
		};
		8851489D21576EBC00C6FBAA /* Sources */ = {
			isa = PBXSourcesBuildPhase;
			buildActionMask = 2147483647;
			files = (
				885148A621576EBC00C6FBAA /* swiftagramTests.swift in Sources */,
			);
			runOnlyForDeploymentPostprocessing = 0;
		};
		885148A821576EBC00C6FBAA /* Sources */ = {
			isa = PBXSourcesBuildPhase;
			buildActionMask = 2147483647;
			files = (
				885148B121576EBC00C6FBAA /* swiftagramUITests.swift in Sources */,
			);
			runOnlyForDeploymentPostprocessing = 0;
		};
/* End PBXSourcesBuildPhase section */

/* Begin PBXTargetDependency section */
		885148A321576EBC00C6FBAA /* PBXTargetDependency */ = {
			isa = PBXTargetDependency;
			target = 8851488C21576EBB00C6FBAA /* swiftagram */;
			targetProxy = 885148A221576EBC00C6FBAA /* PBXContainerItemProxy */;
		};
		885148AE21576EBC00C6FBAA /* PBXTargetDependency */ = {
			isa = PBXTargetDependency;
			target = 8851488C21576EBB00C6FBAA /* swiftagram */;
			targetProxy = 885148AD21576EBC00C6FBAA /* PBXContainerItemProxy */;
		};
/* End PBXTargetDependency section */

/* Begin PBXVariantGroup section */
		8851489421576EBB00C6FBAA /* Main.storyboard */ = {
			isa = PBXVariantGroup;
			children = (
				8851489521576EBB00C6FBAA /* Base */,
			);
			name = Main.storyboard;
			sourceTree = "<group>";
		};
		8851489921576EBC00C6FBAA /* LaunchScreen.storyboard */ = {
			isa = PBXVariantGroup;
			children = (
				8851489A21576EBC00C6FBAA /* Base */,
			);
			name = LaunchScreen.storyboard;
			sourceTree = "<group>";
		};
/* End PBXVariantGroup section */

/* Begin XCBuildConfiguration section */
		885148B321576EBC00C6FBAA /* Debug */ = {
			isa = XCBuildConfiguration;
			buildSettings = {
				ALWAYS_SEARCH_USER_PATHS = NO;
				CLANG_ANALYZER_NONNULL = YES;
				CLANG_ANALYZER_NUMBER_OBJECT_CONVERSION = YES_AGGRESSIVE;
				CLANG_CXX_LANGUAGE_STANDARD = "gnu++14";
				CLANG_CXX_LIBRARY = "libc++";
				CLANG_ENABLE_MODULES = YES;
				CLANG_ENABLE_OBJC_ARC = YES;
				CLANG_ENABLE_OBJC_WEAK = YES;
				CLANG_WARN_BLOCK_CAPTURE_AUTORELEASING = YES;
				CLANG_WARN_BOOL_CONVERSION = YES;
				CLANG_WARN_COMMA = YES;
				CLANG_WARN_CONSTANT_CONVERSION = YES;
				CLANG_WARN_DEPRECATED_OBJC_IMPLEMENTATIONS = YES;
				CLANG_WARN_DIRECT_OBJC_ISA_USAGE = YES_ERROR;
				CLANG_WARN_DOCUMENTATION_COMMENTS = YES;
				CLANG_WARN_EMPTY_BODY = YES;
				CLANG_WARN_ENUM_CONVERSION = YES;
				CLANG_WARN_INFINITE_RECURSION = YES;
				CLANG_WARN_INT_CONVERSION = YES;
				CLANG_WARN_NON_LITERAL_NULL_CONVERSION = YES;
				CLANG_WARN_OBJC_IMPLICIT_RETAIN_SELF = YES;
				CLANG_WARN_OBJC_LITERAL_CONVERSION = YES;
				CLANG_WARN_OBJC_ROOT_CLASS = YES_ERROR;
				CLANG_WARN_RANGE_LOOP_ANALYSIS = YES;
				CLANG_WARN_STRICT_PROTOTYPES = YES;
				CLANG_WARN_SUSPICIOUS_MOVE = YES;
				CLANG_WARN_UNGUARDED_AVAILABILITY = YES_AGGRESSIVE;
				CLANG_WARN_UNREACHABLE_CODE = YES;
				CLANG_WARN__DUPLICATE_METHOD_MATCH = YES;
				CODE_SIGN_IDENTITY = "iPhone Developer";
				COPY_PHASE_STRIP = NO;
				DEBUG_INFORMATION_FORMAT = dwarf;
				ENABLE_STRICT_OBJC_MSGSEND = YES;
				ENABLE_TESTABILITY = YES;
				GCC_C_LANGUAGE_STANDARD = gnu11;
				GCC_DYNAMIC_NO_PIC = NO;
				GCC_NO_COMMON_BLOCKS = YES;
				GCC_OPTIMIZATION_LEVEL = 0;
				GCC_PREPROCESSOR_DEFINITIONS = (
					"DEBUG=1",
					"$(inherited)",
				);
				GCC_WARN_64_TO_32_BIT_CONVERSION = YES;
				GCC_WARN_ABOUT_RETURN_TYPE = YES_ERROR;
				GCC_WARN_UNDECLARED_SELECTOR = YES;
				GCC_WARN_UNINITIALIZED_AUTOS = YES_AGGRESSIVE;
				GCC_WARN_UNUSED_FUNCTION = YES;
				GCC_WARN_UNUSED_VARIABLE = YES;
				IPHONEOS_DEPLOYMENT_TARGET = 11.4;
				MTL_ENABLE_DEBUG_INFO = YES;
				ONLY_ACTIVE_ARCH = YES;
				SDKROOT = iphoneos;
				SWIFT_ACTIVE_COMPILATION_CONDITIONS = DEBUG;
				SWIFT_OPTIMIZATION_LEVEL = "-Onone";
			};
			name = Debug;
		};
		885148B421576EBC00C6FBAA /* Release */ = {
			isa = XCBuildConfiguration;
			buildSettings = {
				ALWAYS_SEARCH_USER_PATHS = NO;
				CLANG_ANALYZER_NONNULL = YES;
				CLANG_ANALYZER_NUMBER_OBJECT_CONVERSION = YES_AGGRESSIVE;
				CLANG_CXX_LANGUAGE_STANDARD = "gnu++14";
				CLANG_CXX_LIBRARY = "libc++";
				CLANG_ENABLE_MODULES = YES;
				CLANG_ENABLE_OBJC_ARC = YES;
				CLANG_ENABLE_OBJC_WEAK = YES;
				CLANG_WARN_BLOCK_CAPTURE_AUTORELEASING = YES;
				CLANG_WARN_BOOL_CONVERSION = YES;
				CLANG_WARN_COMMA = YES;
				CLANG_WARN_CONSTANT_CONVERSION = YES;
				CLANG_WARN_DEPRECATED_OBJC_IMPLEMENTATIONS = YES;
				CLANG_WARN_DIRECT_OBJC_ISA_USAGE = YES_ERROR;
				CLANG_WARN_DOCUMENTATION_COMMENTS = YES;
				CLANG_WARN_EMPTY_BODY = YES;
				CLANG_WARN_ENUM_CONVERSION = YES;
				CLANG_WARN_INFINITE_RECURSION = YES;
				CLANG_WARN_INT_CONVERSION = YES;
				CLANG_WARN_NON_LITERAL_NULL_CONVERSION = YES;
				CLANG_WARN_OBJC_IMPLICIT_RETAIN_SELF = YES;
				CLANG_WARN_OBJC_LITERAL_CONVERSION = YES;
				CLANG_WARN_OBJC_ROOT_CLASS = YES_ERROR;
				CLANG_WARN_RANGE_LOOP_ANALYSIS = YES;
				CLANG_WARN_STRICT_PROTOTYPES = YES;
				CLANG_WARN_SUSPICIOUS_MOVE = YES;
				CLANG_WARN_UNGUARDED_AVAILABILITY = YES_AGGRESSIVE;
				CLANG_WARN_UNREACHABLE_CODE = YES;
				CLANG_WARN__DUPLICATE_METHOD_MATCH = YES;
				CODE_SIGN_IDENTITY = "iPhone Developer";
				COPY_PHASE_STRIP = NO;
				DEBUG_INFORMATION_FORMAT = "dwarf-with-dsym";
				ENABLE_NS_ASSERTIONS = NO;
				ENABLE_STRICT_OBJC_MSGSEND = YES;
				GCC_C_LANGUAGE_STANDARD = gnu11;
				GCC_NO_COMMON_BLOCKS = YES;
				GCC_WARN_64_TO_32_BIT_CONVERSION = YES;
				GCC_WARN_ABOUT_RETURN_TYPE = YES_ERROR;
				GCC_WARN_UNDECLARED_SELECTOR = YES;
				GCC_WARN_UNINITIALIZED_AUTOS = YES_AGGRESSIVE;
				GCC_WARN_UNUSED_FUNCTION = YES;
				GCC_WARN_UNUSED_VARIABLE = YES;
				IPHONEOS_DEPLOYMENT_TARGET = 11.4;
				MTL_ENABLE_DEBUG_INFO = NO;
				SDKROOT = iphoneos;
				SWIFT_COMPILATION_MODE = wholemodule;
				SWIFT_OPTIMIZATION_LEVEL = "-O";
				VALIDATE_PRODUCT = YES;
			};
			name = Release;
		};
		885148B621576EBC00C6FBAA /* Debug */ = {
			isa = XCBuildConfiguration;
			baseConfigurationReference = DE6A46762A2EEF65F464668D /* Pods-swiftagram.debug.xcconfig */;
			buildSettings = {
				ASSETCATALOG_COMPILER_APPICON_NAME = AppIcon;
				CODE_SIGN_STYLE = Manual;
				DEVELOPMENT_TEAM = TM56264G75;
				INFOPLIST_FILE = swiftagram/Info.plist;
				LD_RUNPATH_SEARCH_PATHS = (
					"$(inherited)",
					"@executable_path/Frameworks",
				);
				PRODUCT_BUNDLE_IDENTIFIER = com.zxqiyuan;
				PRODUCT_NAME = "$(TARGET_NAME)";
				PROVISIONING_PROFILE = "af912039-4019-4cdb-b3ba-394f08a6dc01";
				PROVISIONING_PROFILE_SPECIFIER = "tony-dev";
				SWIFT_VERSION = 4.0;
				TARGETED_DEVICE_FAMILY = "1,2";
			};
			name = Debug;
		};
		885148B721576EBC00C6FBAA /* Release */ = {
			isa = XCBuildConfiguration;
			baseConfigurationReference = F567F70FFDFFB26813959152 /* Pods-swiftagram.release.xcconfig */;
			buildSettings = {
				ASSETCATALOG_COMPILER_APPICON_NAME = AppIcon;
				CODE_SIGN_STYLE = Manual;
				DEVELOPMENT_TEAM = TM56264G75;
				INFOPLIST_FILE = swiftagram/Info.plist;
				LD_RUNPATH_SEARCH_PATHS = (
					"$(inherited)",
					"@executable_path/Frameworks",
				);
				PRODUCT_BUNDLE_IDENTIFIER = com.zxqiyuan;
				PRODUCT_NAME = "$(TARGET_NAME)";
				PROVISIONING_PROFILE = "af912039-4019-4cdb-b3ba-394f08a6dc01";
				PROVISIONING_PROFILE_SPECIFIER = "tony-dev";
				SWIFT_VERSION = 4.0;
				TARGETED_DEVICE_FAMILY = "1,2";
			};
			name = Release;
		};
		885148B921576EBC00C6FBAA /* Debug */ = {
			isa = XCBuildConfiguration;
			baseConfigurationReference = D560448DD149D060D6217429 /* Pods-swiftagramTests.debug.xcconfig */;
			buildSettings = {
				ALWAYS_EMBED_SWIFT_STANDARD_LIBRARIES = YES;
				BUNDLE_LOADER = "$(TEST_HOST)";
				CODE_SIGN_STYLE = Automatic;
				INFOPLIST_FILE = swiftagramTests/Info.plist;
				LD_RUNPATH_SEARCH_PATHS = (
					"$(inherited)",
					"@executable_path/Frameworks",
					"@loader_path/Frameworks",
				);
				PRODUCT_BUNDLE_IDENTIFIER = com.zxqiyuan.swiftagramTests;
				PRODUCT_NAME = "$(TARGET_NAME)";
				SWIFT_VERSION = 4.0;
				TARGETED_DEVICE_FAMILY = "1,2";
				TEST_HOST = "$(BUILT_PRODUCTS_DIR)/swiftagram.app/swiftagram";
			};
			name = Debug;
		};
		885148BA21576EBC00C6FBAA /* Release */ = {
			isa = XCBuildConfiguration;
			baseConfigurationReference = DE2F79158857C8FF89E7AFC1 /* Pods-swiftagramTests.release.xcconfig */;
			buildSettings = {
				ALWAYS_EMBED_SWIFT_STANDARD_LIBRARIES = YES;
				BUNDLE_LOADER = "$(TEST_HOST)";
				CODE_SIGN_STYLE = Automatic;
				INFOPLIST_FILE = swiftagramTests/Info.plist;
				LD_RUNPATH_SEARCH_PATHS = (
					"$(inherited)",
					"@executable_path/Frameworks",
					"@loader_path/Frameworks",
				);
				PRODUCT_BUNDLE_IDENTIFIER = com.zxqiyuan.swiftagramTests;
				PRODUCT_NAME = "$(TARGET_NAME)";
				SWIFT_VERSION = 4.0;
				TARGETED_DEVICE_FAMILY = "1,2";
				TEST_HOST = "$(BUILT_PRODUCTS_DIR)/swiftagram.app/swiftagram";
			};
			name = Release;
		};
		885148BC21576EBC00C6FBAA /* Debug */ = {
			isa = XCBuildConfiguration;
			baseConfigurationReference = 6C5BC666C1E859D3369FFC6B /* Pods-swiftagramUITests.debug.xcconfig */;
			buildSettings = {
				ALWAYS_EMBED_SWIFT_STANDARD_LIBRARIES = YES;
				CODE_SIGN_STYLE = Automatic;
				INFOPLIST_FILE = swiftagramUITests/Info.plist;
				LD_RUNPATH_SEARCH_PATHS = (
					"$(inherited)",
					"@executable_path/Frameworks",
					"@loader_path/Frameworks",
				);
				PRODUCT_BUNDLE_IDENTIFIER = com.zxqiyuan.swiftagramUITests;
				PRODUCT_NAME = "$(TARGET_NAME)";
				SWIFT_VERSION = 4.0;
				TARGETED_DEVICE_FAMILY = "1,2";
				TEST_TARGET_NAME = swiftagram;
			};
			name = Debug;
		};
		885148BD21576EBC00C6FBAA /* Release */ = {
			isa = XCBuildConfiguration;
			baseConfigurationReference = 466A35186131C4AEE247E299 /* Pods-swiftagramUITests.release.xcconfig */;
			buildSettings = {
				ALWAYS_EMBED_SWIFT_STANDARD_LIBRARIES = YES;
				CODE_SIGN_STYLE = Automatic;
				INFOPLIST_FILE = swiftagramUITests/Info.plist;
				LD_RUNPATH_SEARCH_PATHS = (
					"$(inherited)",
					"@executable_path/Frameworks",
					"@loader_path/Frameworks",
				);
				PRODUCT_BUNDLE_IDENTIFIER = com.zxqiyuan.swiftagramUITests;
				PRODUCT_NAME = "$(TARGET_NAME)";
				SWIFT_VERSION = 4.0;
				TARGETED_DEVICE_FAMILY = "1,2";
				TEST_TARGET_NAME = swiftagram;
			};
			name = Release;
		};
/* End XCBuildConfiguration section */

/* Begin XCConfigurationList section */
		8851488821576EBB00C6FBAA /* Build configuration list for PBXProject "swiftagram" */ = {
			isa = XCConfigurationList;
			buildConfigurations = (
				885148B321576EBC00C6FBAA /* Debug */,
				885148B421576EBC00C6FBAA /* Release */,
			);
			defaultConfigurationIsVisible = 0;
			defaultConfigurationName = Release;
		};
		885148B521576EBC00C6FBAA /* Build configuration list for PBXNativeTarget "swiftagram" */ = {
			isa = XCConfigurationList;
			buildConfigurations = (
				885148B621576EBC00C6FBAA /* Debug */,
				885148B721576EBC00C6FBAA /* Release */,
			);
			defaultConfigurationIsVisible = 0;
			defaultConfigurationName = Release;
		};
		885148B821576EBC00C6FBAA /* Build configuration list for PBXNativeTarget "swiftagramTests" */ = {
			isa = XCConfigurationList;
			buildConfigurations = (
				885148B921576EBC00C6FBAA /* Debug */,
				885148BA21576EBC00C6FBAA /* Release */,
			);
			defaultConfigurationIsVisible = 0;
			defaultConfigurationName = Release;
		};
		885148BB21576EBC00C6FBAA /* Build configuration list for PBXNativeTarget "swiftagramUITests" */ = {
			isa = XCConfigurationList;
			buildConfigurations = (
				885148BC21576EBC00C6FBAA /* Debug */,
				885148BD21576EBC00C6FBAA /* Release */,
			);
			defaultConfigurationIsVisible = 0;
			defaultConfigurationName = Release;
		};
/* End XCConfigurationList section */
	};
	rootObject = 8851488521576EBB00C6FBAA /* Project object */;
}
